
Microsoft Visual Studio Solution File, Format Version 12.00
# Visual Studio 14
VisualStudioVersion = 14.0.24720.0
MinimumVisualStudioVersion = 10.0.40219.1
Project("{F184B08F-C81C-45F6-A57F-5ABD9991F28F}") = "UI", "UI\UI.vbproj", "{186DBC4C-DB16-473C-BFF7-C1146D39AE7B}"
EndProject
Project("{FAE04EC0-301F-11D3-BF4B-00C04F79EFBC}") = "BL", "BL\BL.csproj", "{1E23C317-9FDC-4C97-9083-1C54DF845C07}"
EndProject
Project("{F184B08F-C81C-45F6-A57F-5ABD9991F28F}") = "TO", "TO\TO.vbproj", "{C1CCED07-A41D-4703-A8CF-3FB6FE1BDF03}"
EndProject
Project("{FAE04EC0-301F-11D3-BF4B-00C04F79EFBC}") = "DAO", "DAO\DAO.csproj", "{D941CBF1-191E-410D-83F2-98FDEFA41E13}"
EndProject
Global
	GlobalSection(SolutionConfigurationPlatforms) = preSolution
		Debug|Any CPU = Debug|Any CPU
		Release|Any CPU = Release|Any CPU
	EndGlobalSection
	GlobalSection(ProjectConfigurationPlatforms) = postSolution
		{186DBC4C-DB16-473C-BFF7-C1146D39AE7B}.Debug|Any CPU.ActiveCfg = Debug|Any CPU
		{186DBC4C-DB16-473C-BFF7-C1146D39AE7B}.Debug|Any CPU.Build.0 = Debug|Any CPU
		{186DBC4C-DB16-473C-BFF7-C1146D39AE7B}.Release|Any CPU.ActiveCfg = Release|Any CPU
		{186DBC4C-DB16-473C-BFF7-C1146D39AE7B}.Release|Any CPU.Build.0 = Release|Any CPU
		{1E23C317-9FDC-4C97-9083-1C54DF845C07}.Debug|Any CPU.ActiveCfg = Debug|Any CPU
		{1E23C317-9FDC-4C97-9083-1C54DF845C07}.Debug|Any CPU.Build.0 = Debug|Any CPU
		{1E23C317-9FDC-4C97-9083-1C54DF845C07}.Release|Any CPU.ActiveCfg = Release|Any CPU
		{1E23C317-9FDC-4C97-9083-1C54DF845C07}.Release|Any CPU.Build.0 = Release|Any CPU
		{C1CCED07-A41D-4703-A8CF-3FB6FE1BDF03}.Debug|Any CPU.ActiveCfg = Debug|Any CPU
		{C1CCED07-A41D-4703-A8CF-3FB6FE1BDF03}.Debug|Any CPU.Build.0 = Debug|Any CPU
		{C1CCED07-A41D-4703-A8CF-3FB6FE1BDF03}.Release|Any CPU.ActiveCfg = Release|Any CPU
		{C1CCED07-A41D-4703-A8CF-3FB6FE1BDF03}.Release|Any CPU.Build.0 = Release|Any CPU
		{D941CBF1-191E-410D-83F2-98FDEFA41E13}.Debug|Any CPU.ActiveCfg = Debug|Any CPU
		{D941CBF1-191E-410D-83F2-98FDEFA41E13}.Debug|Any CPU.Build.0 = Debug|Any CPU
		{D941CBF1-191E-410D-83F2-98FDEFA41E13}.Release|Any CPU.ActiveCfg = Release|Any CPU
		{D941CBF1-191E-410D-83F2-98FDEFA41E13}.Release|Any CPU.Build.0 = Release|Any CPU
	EndGlobalSection
	GlobalSection(SolutionProperties) = preSolution
		HideSolutionNode = FALSE
	EndGlobalSection
EndGlobal
